// !$*UTF8*$!
{
	archiveVersion = 1;
	classes = {
	};
	objectVersion = 55;
	objects = {

/* Begin PBXBuildFile section */
		8E606BED28699EF8006C70F8 /* Assets.xcassets in Resources */ = {isa = PBXBuildFile; fileRef = 8E606BEC28699EF8006C70F8 /* Assets.xcassets */; };
		8E606BF028699EF8006C70F8 /* LaunchScreen.storyboard in Resources */ = {isa = PBXBuildFile; fileRef = 8E606BEE28699EF8006C70F8 /* LaunchScreen.storyboard */; };
		8E606C0528699F68006C70F8 /* Pexels.swift in Sources */ = {isa = PBXBuildFile; fileRef = 8E606BF828699F68006C70F8 /* Pexels.swift */; };
		8E606C0628699F68006C70F8 /* FeedItem.swift in Sources */ = {isa = PBXBuildFile; fileRef = 8E606BF928699F68006C70F8 /* FeedItem.swift */; };
		8E606C0728699F68006C70F8 /* UsersCell.swift in Sources */ = {isa = PBXBuildFile; fileRef = 8E606BFB28699F68006C70F8 /* UsersCell.swift */; };
		8E606C0828699F68006C70F8 /* FeedImageCell.swift in Sources */ = {isa = PBXBuildFile; fileRef = 8E606BFC28699F68006C70F8 /* FeedImageCell.swift */; };
		8E606C0928699F68006C70F8 /* Extensions.swift in Sources */ = {isa = PBXBuildFile; fileRef = 8E606BFE28699F68006C70F8 /* Extensions.swift */; };
		8E606C0A28699F68006C70F8 /* ImageDownloader.swift in Sources */ = {isa = PBXBuildFile; fileRef = 8E606BFF28699F68006C70F8 /* ImageDownloader.swift */; };
		8E606C0B28699F68006C70F8 /* AppDelegate.swift in Sources */ = {isa = PBXBuildFile; fileRef = 8E606C0028699F68006C70F8 /* AppDelegate.swift */; };
		8E606C0C28699F68006C70F8 /* response.json in Resources */ = {isa = PBXBuildFile; fileRef = 8E606C0128699F68006C70F8 /* response.json */; };
		8E606C0D28699F68006C70F8 /* SceneDelegate.swift in Sources */ = {isa = PBXBuildFile; fileRef = 8E606C0228699F68006C70F8 /* SceneDelegate.swift */; };
		8E606C0E28699F68006C70F8 /* ViewModel.swift in Sources */ = {isa = PBXBuildFile; fileRef = 8E606C0428699F68006C70F8 /* ViewModel.swift */; };
		8E606C1528699F84006C70F8 /* HomeViewController.swift in Sources */ = {isa = PBXBuildFile; fileRef = 8E606C1028699F84006C70F8 /* HomeViewController.swift */; };
		8E606C1628699F84006C70F8 /* FileViewController.swift in Sources */ = {isa = PBXBuildFile; fileRef = 8E606C1128699F84006C70F8 /* FileViewController.swift */; };
		8E606C1828699F84006C70F8 /* VideoViewController.swift in Sources */ = {isa = PBXBuildFile; fileRef = 8E606C1328699F84006C70F8 /* VideoViewController.swift */; };
		8E606C1F28699FD5006C70F8 /* RemoteUsersLoader.swift in Sources */ = {isa = PBXBuildFile; fileRef = 8E606C1C28699FD5006C70F8 /* RemoteUsersLoader.swift */; };
		8E606C232869A0A0006C70F8 /* Endpoints.swift in Sources */ = {isa = PBXBuildFile; fileRef = 8E606C222869A0A0006C70F8 /* Endpoints.swift */; };
		8E606C282869A683006C70F8 /* home.png in Resources */ = {isa = PBXBuildFile; fileRef = 8E606C262869A683006C70F8 /* home.png */; };
		8E606C2B2869A7DB006C70F8 /* stories_animated.gif in Resources */ = {isa = PBXBuildFile; fileRef = 8E606C2A2869A7DB006C70F8 /* stories_animated.gif */; };
/* End PBXBuildFile section */

/* Begin PBXFileReference section */
		8E606BE028699EF7006C70F8 /* Stories.app */ = {isa = PBXFileReference; explicitFileType = wrapper.application; includeInIndex = 0; path = Stories.app; sourceTree = BUILT_PRODUCTS_DIR; };
		8E606BEC28699EF8006C70F8 /* Assets.xcassets */ = {isa = PBXFileReference; lastKnownFileType = folder.assetcatalog; path = Assets.xcassets; sourceTree = "<group>"; };
		8E606BEF28699EF8006C70F8 /* Base */ = {isa = PBXFileReference; lastKnownFileType = file.storyboard; name = Base; path = Base.lproj/LaunchScreen.storyboard; sourceTree = "<group>"; };
		8E606BF128699EF8006C70F8 /* Info.plist */ = {isa = PBXFileReference; lastKnownFileType = text.plist.xml; path = Info.plist; sourceTree = "<group>"; };
		8E606BF828699F68006C70F8 /* Pexels.swift */ = {isa = PBXFileReference; fileEncoding = 4; lastKnownFileType = sourcecode.swift; path = Pexels.swift; sourceTree = "<group>"; };
		8E606BF928699F68006C70F8 /* FeedItem.swift */ = {isa = PBXFileReference; fileEncoding = 4; lastKnownFileType = sourcecode.swift; path = FeedItem.swift; sourceTree = "<group>"; };
		8E606BFB28699F68006C70F8 /* UsersCell.swift */ = {isa = PBXFileReference; fileEncoding = 4; lastKnownFileType = sourcecode.swift; path = UsersCell.swift; sourceTree = "<group>"; };
		8E606BFC28699F68006C70F8 /* FeedImageCell.swift */ = {isa = PBXFileReference; fileEncoding = 4; lastKnownFileType = sourcecode.swift; path = FeedImageCell.swift; sourceTree = "<group>"; };
		8E606BFE28699F68006C70F8 /* Extensions.swift */ = {isa = PBXFileReference; fileEncoding = 4; lastKnownFileType = sourcecode.swift; path = Extensions.swift; sourceTree = "<group>"; };
		8E606BFF28699F68006C70F8 /* ImageDownloader.swift */ = {isa = PBXFileReference; fileEncoding = 4; lastKnownFileType = sourcecode.swift; path = ImageDownloader.swift; sourceTree = "<group>"; };
		8E606C0028699F68006C70F8 /* AppDelegate.swift */ = {isa = PBXFileReference; fileEncoding = 4; lastKnownFileType = sourcecode.swift; path = AppDelegate.swift; sourceTree = "<group>"; };
		8E606C0128699F68006C70F8 /* response.json */ = {isa = PBXFileReference; fileEncoding = 4; lastKnownFileType = text.json; path = response.json; sourceTree = "<group>"; };
		8E606C0228699F68006C70F8 /* SceneDelegate.swift */ = {isa = PBXFileReference; fileEncoding = 4; lastKnownFileType = sourcecode.swift; path = SceneDelegate.swift; sourceTree = "<group>"; };
		8E606C0428699F68006C70F8 /* ViewModel.swift */ = {isa = PBXFileReference; fileEncoding = 4; lastKnownFileType = sourcecode.swift; path = ViewModel.swift; sourceTree = "<group>"; };
		8E606C1028699F84006C70F8 /* HomeViewController.swift */ = {isa = PBXFileReference; fileEncoding = 4; lastKnownFileType = sourcecode.swift; path = HomeViewController.swift; sourceTree = "<group>"; };
		8E606C1128699F84006C70F8 /* FileViewController.swift */ = {isa = PBXFileReference; fileEncoding = 4; lastKnownFileType = sourcecode.swift; path = FileViewController.swift; sourceTree = "<group>"; };
		8E606C1328699F84006C70F8 /* VideoViewController.swift */ = {isa = PBXFileReference; fileEncoding = 4; lastKnownFileType = sourcecode.swift; path = VideoViewController.swift; sourceTree = "<group>"; };
		8E606C1C28699FD5006C70F8 /* RemoteUsersLoader.swift */ = {isa = PBXFileReference; fileEncoding = 4; lastKnownFileType = sourcecode.swift; path = RemoteUsersLoader.swift; sourceTree = "<group>"; };
		8E606C222869A0A0006C70F8 /* Endpoints.swift */ = {isa = PBXFileReference; lastKnownFileType = sourcecode.swift; path = Endpoints.swift; sourceTree = "<group>"; };
		8E606C262869A683006C70F8 /* home.png */ = {isa = PBXFileReference; lastKnownFileType = image.png; path = home.png; sourceTree = "<group>"; };
		8E606C2A2869A7DB006C70F8 /* stories_animated.gif */ = {isa = PBXFileReference; lastKnownFileType = image.gif; path = stories_animated.gif; sourceTree = "<group>"; };
/* End PBXFileReference section */

/* Begin PBXFrameworksBuildPhase section */
		8E606BDD28699EF7006C70F8 /* Frameworks */ = {
			isa = PBXFrameworksBuildPhase;
			buildActionMask = 2147483647;
			files = (
			);
			runOnlyForDeploymentPostprocessing = 0;
		};
/* End PBXFrameworksBuildPhase section */

/* Begin PBXGroup section */
		8E606BD728699EF7006C70F8 = {
			isa = PBXGroup;
			children = (
				8E606BE228699EF7006C70F8 /* Stories */,
				8E606BE128699EF7006C70F8 /* Products */,
			);
			sourceTree = "<group>";
		};
		8E606BE128699EF7006C70F8 /* Products */ = {
			isa = PBXGroup;
			children = (
				8E606BE028699EF7006C70F8 /* Stories.app */,
			);
			name = Products;
			sourceTree = "<group>";
		};
		8E606BE228699EF7006C70F8 /* Stories */ = {
			isa = PBXGroup;
			children = (
				8E606C252869A623006C70F8 /* Screenhots */,
				8E606C0F28699F84006C70F8 /* Controllers */,
				8E606BF728699F68006C70F8 /* Model */,
				8E606C1A28699FD5006C70F8 /* Networking */,
				8E606BFD28699F68006C70F8 /* Resources */,
				8E606C0328699F68006C70F8 /* ViewModels */,
				8E606BFA28699F68006C70F8 /* Views */,
				8E606BEC28699EF8006C70F8 /* Assets.xcassets */,
				8E606BF128699EF8006C70F8 /* Info.plist */,
			);
			path = Stories;
			sourceTree = "<group>";
		};
		8E606BF728699F68006C70F8 /* Model */ = {
			isa = PBXGroup;
			children = (
				8E606BF828699F68006C70F8 /* Pexels.swift */,
				8E606BF928699F68006C70F8 /* FeedItem.swift */,
			);
			path = Model;
			sourceTree = "<group>";
		};
		8E606BFA28699F68006C70F8 /* Views */ = {
			isa = PBXGroup;
			children = (
				8E606BEE28699EF8006C70F8 /* LaunchScreen.storyboard */,
				8E606C242869A40D006C70F8 /* Cells */,
			);
			path = Views;
			sourceTree = "<group>";
		};
		8E606BFD28699F68006C70F8 /* Resources */ = {
			isa = PBXGroup;
			children = (
				8E606C212869A042006C70F8 /* Helpers */,
				8E606C0028699F68006C70F8 /* AppDelegate.swift */,
				8E606C0128699F68006C70F8 /* response.json */,
				8E606C0228699F68006C70F8 /* SceneDelegate.swift */,
			);
			path = Resources;
			sourceTree = "<group>";
		};
		8E606C0328699F68006C70F8 /* ViewModels */ = {
			isa = PBXGroup;
			children = (
				8E606C0428699F68006C70F8 /* ViewModel.swift */,
			);
			path = ViewModels;
			sourceTree = "<group>";
		};
		8E606C0F28699F84006C70F8 /* Controllers */ = {
			isa = PBXGroup;
			children = (
				8E606C1028699F84006C70F8 /* HomeViewController.swift */,
				8E606C1128699F84006C70F8 /* FileViewController.swift */,
				8E606C1328699F84006C70F8 /* VideoViewController.swift */,
			);
			path = Controllers;
			sourceTree = "<group>";
		};
		8E606C1A28699FD5006C70F8 /* Networking */ = {
			isa = PBXGroup;
			children = (
				8E606C1C28699FD5006C70F8 /* RemoteUsersLoader.swift */,
				8E606C222869A0A0006C70F8 /* Endpoints.swift */,
			);
			path = Networking;
			sourceTree = "<group>";
		};
		8E606C212869A042006C70F8 /* Helpers */ = {
			isa = PBXGroup;
			children = (
				8E606BFE28699F68006C70F8 /* Extensions.swift */,
				8E606BFF28699F68006C70F8 /* ImageDownloader.swift */,
			);
			path = Helpers;
			sourceTree = "<group>";
		};
		8E606C242869A40D006C70F8 /* Cells */ = {
			isa = PBXGroup;
			children = (
				8E606BFB28699F68006C70F8 /* UsersCell.swift */,
				8E606BFC28699F68006C70F8 /* FeedImageCell.swift */,
			);
			path = Cells;
			sourceTree = "<group>";
		};
		8E606C252869A623006C70F8 /* Screenhots */ = {
			isa = PBXGroup;
			children = (
				8E606C262869A683006C70F8 /* home.png */,
				8E606C2A2869A7DB006C70F8 /* stories_animated.gif */,
			);
			path = Screenhots;
			sourceTree = "<group>";
		};
/* End PBXGroup section */

/* Begin PBXNativeTarget section */
		8E606BDF28699EF7006C70F8 /* Stories */ = {
			isa = PBXNativeTarget;
			buildConfigurationList = 8E606BF428699EF8006C70F8 /* Build configuration list for PBXNativeTarget "Stories" */;
			buildPhases = (
				8E606BDC28699EF7006C70F8 /* Sources */,
				8E606BDD28699EF7006C70F8 /* Frameworks */,
				8E606BDE28699EF7006C70F8 /* Resources */,
			);
			buildRules = (
			);
			dependencies = (
			);
			name = Stories;
			productName = Stories;
			productReference = 8E606BE028699EF7006C70F8 /* Stories.app */;
			productType = "com.apple.product-type.application";
		};
/* End PBXNativeTarget section */

/* Begin PBXProject section */
		8E606BD828699EF7006C70F8 /* Project object */ = {
			isa = PBXProject;
			attributes = {
				BuildIndependentTargetsInParallel = 1;
				LastSwiftUpdateCheck = 1340;
				LastUpgradeCheck = 1340;
				TargetAttributes = {
					8E606BDF28699EF7006C70F8 = {
						CreatedOnToolsVersion = 13.4;
					};
				};
			};
			buildConfigurationList = 8E606BDB28699EF7006C70F8 /* Build configuration list for PBXProject "Stories" */;
			compatibilityVersion = "Xcode 13.0";
			developmentRegion = en;
			hasScannedForEncodings = 0;
			knownRegions = (
				en,
				Base,
			);
			mainGroup = 8E606BD728699EF7006C70F8;
			productRefGroup = 8E606BE128699EF7006C70F8 /* Products */;
			projectDirPath = "";
			projectRoot = "";
			targets = (
				8E606BDF28699EF7006C70F8 /* Stories */,
			);
		};
/* End PBXProject section */

/* Begin PBXResourcesBuildPhase section */
		8E606BDE28699EF7006C70F8 /* Resources */ = {
			isa = PBXResourcesBuildPhase;
			buildActionMask = 2147483647;
			files = (
				8E606C282869A683006C70F8 /* home.png in Resources */,
				8E606C0C28699F68006C70F8 /* response.json in Resources */,
				8E606BF028699EF8006C70F8 /* LaunchScreen.storyboard in Resources */,
				8E606C2B2869A7DB006C70F8 /* stories_animated.gif in Resources */,
				8E606BED28699EF8006C70F8 /* Assets.xcassets in Resources */,
			);
			runOnlyForDeploymentPostprocessing = 0;
		};
/* End PBXResourcesBuildPhase section */

/* Begin PBXSourcesBuildPhase section */
		8E606BDC28699EF7006C70F8 /* Sources */ = {
			isa = PBXSourcesBuildPhase;
			buildActionMask = 2147483647;
			files = (
				8E606C1F28699FD5006C70F8 /* RemoteUsersLoader.swift in Sources */,
				8E606C0828699F68006C70F8 /* FeedImageCell.swift in Sources */,
				8E606C0528699F68006C70F8 /* Pexels.swift in Sources */,
				8E606C0928699F68006C70F8 /* Extensions.swift in Sources */,
				8E606C0628699F68006C70F8 /* FeedItem.swift in Sources */,
				8E606C1628699F84006C70F8 /* FileViewController.swift in Sources */,
				8E606C0728699F68006C70F8 /* UsersCell.swift in Sources */,
				8E606C0D28699F68006C70F8 /* SceneDelegate.swift in Sources */,
				8E606C1828699F84006C70F8 /* VideoViewController.swift in Sources */,
				8E606C0A28699F68006C70F8 /* ImageDownloader.swift in Sources */,
				8E606C0B28699F68006C70F8 /* AppDelegate.swift in Sources */,
				8E606C0E28699F68006C70F8 /* ViewModel.swift in Sources */,
				8E606C1528699F84006C70F8 /* HomeViewController.swift in Sources */,
				8E606C232869A0A0006C70F8 /* Endpoints.swift in Sources */,
			);
			runOnlyForDeploymentPostprocessing = 0;
		};
/* End PBXSourcesBuildPhase section */

/* Begin PBXVariantGroup section */
		8E606BEE28699EF8006C70F8 /* LaunchScreen.storyboard */ = {
			isa = PBXVariantGroup;
			children = (
				8E606BEF28699EF8006C70F8 /* Base */,
			);
			name = LaunchScreen.storyboard;
			sourceTree = "<group>";
		};
/* End PBXVariantGroup section */

/* Begin XCBuildConfiguration section */
		8E606BF228699EF8006C70F8 /* Debug */ = {
			isa = XCBuildConfiguration;
			buildSettings = {
				ALWAYS_SEARCH_USER_PATHS = NO;
				CLANG_ANALYZER_NONNULL = YES;
				CLANG_ANALYZER_NUMBER_OBJECT_CONVERSION = YES_AGGRESSIVE;
				CLANG_CXX_LANGUAGE_STANDARD = "gnu++17";
				CLANG_ENABLE_MODULES = YES;
				CLANG_ENABLE_OBJC_ARC = YES;
				CLANG_ENABLE_OBJC_WEAK = YES;
				CLANG_WARN_BLOCK_CAPTURE_AUTORELEASING = YES;
				CLANG_WARN_BOOL_CONVERSION = YES;
				CLANG_WARN_COMMA = YES;
				CLANG_WARN_CONSTANT_CONVERSION = YES;
				CLANG_WARN_DEPRECATED_OBJC_IMPLEMENTATIONS = YES;
				CLANG_WARN_DIRECT_OBJC_ISA_USAGE = YES_ERROR;
				CLANG_WARN_DOCUMENTATION_COMMENTS = YES;
				CLANG_WARN_EMPTY_BODY = YES;
				CLANG_WARN_ENUM_CONVERSION = YES;
				CLANG_WARN_INFINITE_RECURSION = YES;
				CLANG_WARN_INT_CONVERSION = YES;
				CLANG_WARN_NON_LITERAL_NULL_CONVERSION = YES;
				CLANG_WARN_OBJC_IMPLICIT_RETAIN_SELF = YES;
				CLANG_WARN_OBJC_LITERAL_CONVERSION = YES;
				CLANG_WARN_OBJC_ROOT_CLASS = YES_ERROR;
				CLANG_WARN_QUOTED_INCLUDE_IN_FRAMEWORK_HEADER = YES;
				CLANG_WARN_RANGE_LOOP_ANALYSIS = YES;
				CLANG_WARN_STRICT_PROTOTYPES = YES;
				CLANG_WARN_SUSPICIOUS_MOVE = YES;
				CLANG_WARN_UNGUARDED_AVAILABILITY = YES_AGGRESSIVE;
				CLANG_WARN_UNREACHABLE_CODE = YES;
				CLANG_WARN__DUPLICATE_METHOD_MATCH = YES;
				COPY_PHASE_STRIP = NO;
				DEBUG_INFORMATION_FORMAT = dwarf;
				ENABLE_STRICT_OBJC_MSGSEND = YES;
				ENABLE_TESTABILITY = YES;
				GCC_C_LANGUAGE_STANDARD = gnu11;
				GCC_DYNAMIC_NO_PIC = NO;
				GCC_NO_COMMON_BLOCKS = YES;
				GCC_OPTIMIZATION_LEVEL = 0;
				GCC_PREPROCESSOR_DEFINITIONS = (
					"DEBUG=1",
					"$(inherited)",
				);
				GCC_WARN_64_TO_32_BIT_CONVERSION = YES;
				GCC_WARN_ABOUT_RETURN_TYPE = YES_ERROR;
				GCC_WARN_UNDECLARED_SELECTOR = YES;
				GCC_WARN_UNINITIALIZED_AUTOS = YES_AGGRESSIVE;
				GCC_WARN_UNUSED_FUNCTION = YES;
				GCC_WARN_UNUSED_VARIABLE = YES;
				IPHONEOS_DEPLOYMENT_TARGET = 15.5;
				MTL_ENABLE_DEBUG_INFO = INCLUDE_SOURCE;
				MTL_FAST_MATH = YES;
				ONLY_ACTIVE_ARCH = YES;
				SDKROOT = iphoneos;
				SWIFT_ACTIVE_COMPILATION_CONDITIONS = DEBUG;
				SWIFT_OPTIMIZATION_LEVEL = "-Onone";
			};
			name = Debug;
		};
		8E606BF328699EF8006C70F8 /* Release */ = {
			isa = XCBuildConfiguration;
			buildSettings = {
				ALWAYS_SEARCH_USER_PATHS = NO;
				CLANG_ANALYZER_NONNULL = YES;
				CLANG_ANALYZER_NUMBER_OBJECT_CONVERSION = YES_AGGRESSIVE;
				CLANG_CXX_LANGUAGE_STANDARD = "gnu++17";
				CLANG_ENABLE_MODULES = YES;
				CLANG_ENABLE_OBJC_ARC = YES;
				CLANG_ENABLE_OBJC_WEAK = YES;
				CLANG_WARN_BLOCK_CAPTURE_AUTORELEASING = YES;
				CLANG_WARN_BOOL_CONVERSION = YES;
				CLANG_WARN_COMMA = YES;
				CLANG_WARN_CONSTANT_CONVERSION = YES;
				CLANG_WARN_DEPRECATED_OBJC_IMPLEMENTATIONS = YES;
				CLANG_WARN_DIRECT_OBJC_ISA_USAGE = YES_ERROR;
				CLANG_WARN_DOCUMENTATION_COMMENTS = YES;
				CLANG_WARN_EMPTY_BODY = YES;
				CLANG_WARN_ENUM_CONVERSION = YES;
				CLANG_WARN_INFINITE_RECURSION = YES;
				CLANG_WARN_INT_CONVERSION = YES;
				CLANG_WARN_NON_LITERAL_NULL_CONVERSION = YES;
				CLANG_WARN_OBJC_IMPLICIT_RETAIN_SELF = YES;
				CLANG_WARN_OBJC_LITERAL_CONVERSION = YES;
				CLANG_WARN_OBJC_ROOT_CLASS = YES_ERROR;
				CLANG_WARN_QUOTED_INCLUDE_IN_FRAMEWORK_HEADER = YES;
				CLANG_WARN_RANGE_LOOP_ANALYSIS = YES;
				CLANG_WARN_STRICT_PROTOTYPES = YES;
				CLANG_WARN_SUSPICIOUS_MOVE = YES;
				CLANG_WARN_UNGUARDED_AVAILABILITY = YES_AGGRESSIVE;
				CLANG_WARN_UNREACHABLE_CODE = YES;
				CLANG_WARN__DUPLICATE_METHOD_MATCH = YES;
				COPY_PHASE_STRIP = NO;
				DEBUG_INFORMATION_FORMAT = "dwarf-with-dsym";
				ENABLE_NS_ASSERTIONS = NO;
				ENABLE_STRICT_OBJC_MSGSEND = YES;
				GCC_C_LANGUAGE_STANDARD = gnu11;
				GCC_NO_COMMON_BLOCKS = YES;
				GCC_WARN_64_TO_32_BIT_CONVERSION = YES;
				GCC_WARN_ABOUT_RETURN_TYPE = YES_ERROR;
				GCC_WARN_UNDECLARED_SELECTOR = YES;
				GCC_WARN_UNINITIALIZED_AUTOS = YES_AGGRESSIVE;
				GCC_WARN_UNUSED_FUNCTION = YES;
				GCC_WARN_UNUSED_VARIABLE = YES;
				IPHONEOS_DEPLOYMENT_TARGET = 15.5;
				MTL_ENABLE_DEBUG_INFO = NO;
				MTL_FAST_MATH = YES;
				SDKROOT = iphoneos;
				SWIFT_COMPILATION_MODE = wholemodule;
				SWIFT_OPTIMIZATION_LEVEL = "-O";
				VALIDATE_PRODUCT = YES;
			};
			name = Release;
		};
		8E606BF528699EF8006C70F8 /* Debug */ = {
			isa = XCBuildConfiguration;
			buildSettings = {
				ASSETCATALOG_COMPILER_APPICON_NAME = AppIcon;
				ASSETCATALOG_COMPILER_GLOBAL_ACCENT_COLOR_NAME = AccentColor;
				CODE_SIGN_STYLE = Automatic;
				CURRENT_PROJECT_VERSION = 1;
				DEVELOPMENT_TEAM = P9CD4D4F5T;
				GENERATE_INFOPLIST_FILE = YES;
				INFOPLIST_FILE = Stories/Info.plist;
				INFOPLIST_KEY_UIApplicationSupportsIndirectInputEvents = YES;
				INFOPLIST_KEY_UILaunchStoryboardName = LaunchScreen;
				INFOPLIST_KEY_UISupportedInterfaceOrientations_iPad = "UIInterfaceOrientationPortrait UIInterfaceOrientationPortraitUpsideDown UIInterfaceOrientationLandscapeLeft UIInterfaceOrientationLandscapeRight";
				INFOPLIST_KEY_UISupportedInterfaceOrientations_iPhone = "UIInterfaceOrientationPortrait UIInterfaceOrientationLandscapeLeft UIInterfaceOrientationLandscapeRight";
				LD_RUNPATH_SEARCH_PATHS = (
					"$(inherited)",
					"@executable_path/Frameworks",
				);
				MARKETING_VERSION = 1.0;
				PRODUCT_BUNDLE_IDENTIFIER = com.nchatharoo.Stories;
				PRODUCT_NAME = "$(TARGET_NAME)";
				SWIFT_EMIT_LOC_STRINGS = YES;
				SWIFT_VERSION = 5.0;
				TARGETED_DEVICE_FAMILY = 1;
			};
			name = Debug;
		};
		8E606BF628699EF8006C70F8 /* Release */ = {
			isa = XCBuildConfiguration;
			buildSettings = {
				ASSETCATALOG_COMPILER_APPICON_NAME = AppIcon;
				ASSETCATALOG_COMPILER_GLOBAL_ACCENT_COLOR_NAME = AccentColor;
				CODE_SIGN_STYLE = Automatic;
				CURRENT_PROJECT_VERSION = 1;
				DEVELOPMENT_TEAM = P9CD4D4F5T;
				GENERATE_INFOPLIST_FILE = YES;
				INFOPLIST_FILE = Stories/Info.plist;
				INFOPLIST_KEY_UIApplicationSupportsIndirectInputEvents = YES;
				INFOPLIST_KEY_UILaunchStoryboardName = LaunchScreen;
				INFOPLIST_KEY_UISupportedInterfaceOrientations_iPad = "UIInterfaceOrientationPortrait UIInterfaceOrientationPortraitUpsideDown UIInterfaceOrientationLandscapeLeft UIInterfaceOrientationLandscapeRight";
				INFOPLIST_KEY_UISupportedInterfaceOrientations_iPhone = "UIInterfaceOrientationPortrait UIInterfaceOrientationLandscapeLeft UIInterfaceOrientationLandscapeRight";
				LD_RUNPATH_SEARCH_PATHS = (
					"$(inherited)",
					"@executable_path/Frameworks",
				);
				MARKETING_VERSION = 1.0;
				PRODUCT_BUNDLE_IDENTIFIER = com.nchatharoo.Stories;
				PRODUCT_NAME = "$(TARGET_NAME)";
				SWIFT_EMIT_LOC_STRINGS = YES;
				SWIFT_VERSION = 5.0;
				TARGETED_DEVICE_FAMILY = 1;
			};
			name = Release;
		};
/* End XCBuildConfiguration section */

/* Begin XCConfigurationList section */
		8E606BDB28699EF7006C70F8 /* Build configuration list for PBXProject "Stories" */ = {
			isa = XCConfigurationList;
			buildConfigurations = (
				8E606BF228699EF8006C70F8 /* Debug */,
				8E606BF328699EF8006C70F8 /* Release */,
			);
			defaultConfigurationIsVisible = 0;
			defaultConfigurationName = Release;
		};
		8E606BF428699EF8006C70F8 /* Build configuration list for PBXNativeTarget "Stories" */ = {
			isa = XCConfigurationList;
			buildConfigurations = (
				8E606BF528699EF8006C70F8 /* Debug */,
				8E606BF628699EF8006C70F8 /* Release */,
			);
			defaultConfigurationIsVisible = 0;
			defaultConfigurationName = Release;
		};
/* End XCConfigurationList section */
	};
	rootObject = 8E606BD828699EF7006C70F8 /* Project object */;
}
